
Microsoft Visual Studio Solution File, Format Version 10.00
# Visual Studio 2008
Project("{FAE04EC0-301F-11D3-BF4B-00C04F79EFBC}") = "Client", "Client\Client.csproj", "{B4DA5967-AA86-466F-B27B-216682D67932}"
EndProject
Project("{FAE04EC0-301F-11D3-BF4B-00C04F79EFBC}") = "Communication", "Communication\Communication.csproj", "{16FC099C-EB1D-4BB8-B74B-B45EFB192333}"
EndProject
Project("{FAE04EC0-301F-11D3-BF4B-00C04F79EFBC}") = "Service", "Service\Service.csproj", "{4EBD4BF8-17A2-4231-A635-4C9E5DE2C4F5}"
EndProject
Global
	GlobalSection(SolutionConfigurationPlatforms) = preSolution
		Debug|Any CPU = Debug|Any CPU
		Release|Any CPU = Release|Any CPU
	EndGlobalSection
	GlobalSection(ProjectConfigurationPlatforms) = postSolution
		{B4DA5967-AA86-466F-B27B-216682D67932}.Debug|Any CPU.ActiveCfg = Debug|Any CPU
		{B4DA5967-AA86-466F-B27B-216682D67932}.Debug|Any CPU.Build.0 = Debug|Any CPU
		{B4DA5967-AA86-466F-B27B-216682D67932}.Release|Any CPU.ActiveCfg = Release|Any CPU
		{B4DA5967-AA86-466F-B27B-216682D67932}.Release|Any CPU.Build.0 = Release|Any CPU
		{16FC099C-EB1D-4BB8-B74B-B45EFB192333}.Debug|Any CPU.ActiveCfg = Debug|Any CPU
		{16FC099C-EB1D-4BB8-B74B-B45EFB192333}.Debug|Any CPU.Build.0 = Debug|Any CPU
		{16FC099C-EB1D-4BB8-B74B-B45EFB192333}.Release|Any CPU.ActiveCfg = Release|Any CPU
		{16FC099C-EB1D-4BB8-B74B-B45EFB192333}.Release|Any CPU.Build.0 = Release|Any CPU
		{4EBD4BF8-17A2-4231-A635-4C9E5DE2C4F5}.Debug|Any CPU.ActiveCfg = Debug|Any CPU
		{4EBD4BF8-17A2-4231-A635-4C9E5DE2C4F5}.Debug|Any CPU.Build.0 = Debug|Any CPU
		{4EBD4BF8-17A2-4231-A635-4C9E5DE2C4F5}.Release|Any CPU.ActiveCfg = Release|Any CPU
		{4EBD4BF8-17A2-4231-A635-4C9E5DE2C4F5}.Release|Any CPU.Build.0 = Release|Any CPU
	EndGlobalSection
	GlobalSection(SolutionProperties) = preSolution
		HideSolutionNode = FALSE
	EndGlobalSection
EndGlobal
