
Microsoft Visual Studio Solution File, Format Version 10.00
# Visual Studio 2008
Project("{FAE04EC0-301F-11D3-BF4B-00C04F79EFBC}") = "Darpooling", "Darpooling\Darpooling.csproj", "{F4A3AC15-EB39-4C80-A41D-A78150617DDE}"
EndProject
Project("{FAE04EC0-301F-11D3-BF4B-00C04F79EFBC}") = "ServiceNode", "ServiceNode\ServiceNode\ServiceNode.csproj", "{35C29F3E-E20D-4F17-AD92-4776F3133F2B}"
EndProject
Global
	GlobalSection(SolutionConfigurationPlatforms) = preSolution
		Debug|Any CPU = Debug|Any CPU
		Release|Any CPU = Release|Any CPU
	EndGlobalSection
	GlobalSection(ProjectConfigurationPlatforms) = postSolution
		{F4A3AC15-EB39-4C80-A41D-A78150617DDE}.Debug|Any CPU.ActiveCfg = Debug|Any CPU
		{F4A3AC15-EB39-4C80-A41D-A78150617DDE}.Debug|Any CPU.Build.0 = Debug|Any CPU
		{F4A3AC15-EB39-4C80-A41D-A78150617DDE}.Release|Any CPU.ActiveCfg = Release|Any CPU
		{F4A3AC15-EB39-4C80-A41D-A78150617DDE}.Release|Any CPU.Build.0 = Release|Any CPU
		{35C29F3E-E20D-4F17-AD92-4776F3133F2B}.Debug|Any CPU.ActiveCfg = Debug|Any CPU
		{35C29F3E-E20D-4F17-AD92-4776F3133F2B}.Debug|Any CPU.Build.0 = Debug|Any CPU
		{35C29F3E-E20D-4F17-AD92-4776F3133F2B}.Release|Any CPU.ActiveCfg = Release|Any CPU
		{35C29F3E-E20D-4F17-AD92-4776F3133F2B}.Release|Any CPU.Build.0 = Release|Any CPU
	EndGlobalSection
	GlobalSection(SolutionProperties) = preSolution
		HideSolutionNode = FALSE
	EndGlobalSection
EndGlobal
